
Microsoft Visual Studio Solution File, Format Version 12.00
# Visual Studio Version 17
VisualStudioVersion = 17.7.34031.279
MinimumVisualStudioVersion = 10.0.40219.1
Project("{9A19103F-16F7-4668-BE54-9A1E7A4F7556}") = "DoAnMonHoc", "DoAnMonHoc\DoAnMonHoc.csproj", "{6DE71BB8-D7F9-451F-885C-D55017D7588F}"
EndProject
Global
	GlobalSection(SolutionConfigurationPlatforms) = preSolution
		Debug|Any CPU = Debug|Any CPU
		Release|Any CPU = Release|Any CPU
	EndGlobalSection
	GlobalSection(ProjectConfigurationPlatforms) = postSolution
		{6DE71BB8-D7F9-451F-885C-D55017D7588F}.Debug|Any CPU.ActiveCfg = Debug|Any CPU
		{6DE71BB8-D7F9-451F-885C-D55017D7588F}.Debug|Any CPU.Build.0 = Debug|Any CPU
		{6DE71BB8-D7F9-451F-885C-D55017D7588F}.Release|Any CPU.ActiveCfg = Release|Any CPU
		{6DE71BB8-D7F9-451F-885C-D55017D7588F}.Release|Any CPU.Build.0 = Release|Any CPU
	EndGlobalSection
	GlobalSection(SolutionProperties) = preSolution
		HideSolutionNode = FALSE
	EndGlobalSection
	GlobalSection(ExtensibilityGlobals) = postSolution
		SolutionGuid = {8A460076-C93B-4EC8-B9AC-4BBD3DB4CFB2}
	EndGlobalSection
EndGlobal
